
Microsoft Visual Studio Solution File, Format Version 12.00
# Visual Studio Version 17
VisualStudioVersion = 17.14.36310.24 d17.14
MinimumVisualStudioVersion = 10.0.40219.1
Project("{FAE04EC0-301F-11D3-BF4B-00C04F79EFBC}") = "Requirements-Management-App", "Requirements-Management-App\Requirements-Management-App.csproj", "{65AFE992-EE7B-4251-BF18-9350CBF318B3}"
EndProject
Global
	GlobalSection(SolutionConfigurationPlatforms) = preSolution
		Debug|Any CPU = Debug|Any CPU
		Release|Any CPU = Release|Any CPU
	EndGlobalSection
	GlobalSection(ProjectConfigurationPlatforms) = postSolution
		{65AFE992-EE7B-4251-BF18-9350CBF318B3}.Debug|Any CPU.ActiveCfg = Debug|Any CPU
		{65AFE992-EE7B-4251-BF18-9350CBF318B3}.Debug|Any CPU.Build.0 = Debug|Any CPU
		{65AFE992-EE7B-4251-BF18-9350CBF318B3}.Release|Any CPU.ActiveCfg = Release|Any CPU
		{65AFE992-EE7B-4251-BF18-9350CBF318B3}.Release|Any CPU.Build.0 = Release|Any CPU
	EndGlobalSection
	GlobalSection(SolutionProperties) = preSolution
		HideSolutionNode = FALSE
	EndGlobalSection
	GlobalSection(ExtensibilityGlobals) = postSolution
		SolutionGuid = {6BB2B8F7-04D7-4D26-A666-9EAA17078C92}
	EndGlobalSection
EndGlobal
